
Microsoft Visual Studio Solution File, Format Version 12.00
# Visual Studio 15
VisualStudioVersion = 15.0.28010.2050
MinimumVisualStudioVersion = 10.0.40219.1
Project("{FAE04EC0-301F-11D3-BF4B-00C04F79EFBC}") = "UniqueCSharpQuestions", "UniqueCSharpQuestions\UniqueCSharpQuestions.csproj", "{8C01A7DD-13D7-4391-9B74-C8426E0903AF}"
EndProject
Global
	GlobalSection(SolutionConfigurationPlatforms) = preSolution
		Debug|Any CPU = Debug|Any CPU
		Release|Any CPU = Release|Any CPU
	EndGlobalSection
	GlobalSection(ProjectConfigurationPlatforms) = postSolution
		{8C01A7DD-13D7-4391-9B74-C8426E0903AF}.Debug|Any CPU.ActiveCfg = Debug|Any CPU
		{8C01A7DD-13D7-4391-9B74-C8426E0903AF}.Debug|Any CPU.Build.0 = Debug|Any CPU
		{8C01A7DD-13D7-4391-9B74-C8426E0903AF}.Release|Any CPU.ActiveCfg = Release|Any CPU
		{8C01A7DD-13D7-4391-9B74-C8426E0903AF}.Release|Any CPU.Build.0 = Release|Any CPU
	EndGlobalSection
	GlobalSection(SolutionProperties) = preSolution
		HideSolutionNode = FALSE
	EndGlobalSection
	GlobalSection(ExtensibilityGlobals) = postSolution
		SolutionGuid = {8E56BCC4-4E81-483E-B995-26424FFB452B}
	EndGlobalSection
EndGlobal
